PODS:
  - CaptureSDK (2.0.67):
    - SwiftDecoderSDK (~> 6.5.0)
  - capturesdk_flutter (1.5.11):
    - CaptureSDK (~> 2.0.67)
    - Flutter
  - Flutter (1.0.0)
  - SwiftDecoderSDK (6.5.0)

DEPENDENCIES:
  - capturesdk_flutter (from `.symlinks/plugins/capturesdk_flutter/ios`)
  - Flutter (from `Flutter`)

SPEC REPOS:
  https://github.com/CocoaPods/Specs.git:
    - CaptureSDK
    - SwiftDecoderSDK

EXTERNAL SOURCES:
  capturesdk_flutter:
    :path: ".symlinks/plugins/capturesdk_flutter/ios"
  Flutter:
    :path: Flutter

SPEC CHECKSUMS:
  CaptureSDK: 2bdf6fdc1b515f2bcc3b50122a3f0bb0054c16cc
  capturesdk_flutter: 8a7d542ca252173640e2ef050d6693732db7fc20
  Flutter: e0871f40cf51350855a761d2e70bf5af5b9b5de7
  SwiftDecoderSDK: 22e9a6ebdc69213b73bde1c4e2d4a72a07e125e3

PODFILE CHECKSUM: 3cbbd362ef69c5486a9d21897b1172a3d5cb1c6d

COCOAPODS: 1.16.2
