PODS:
  - CaptureSDK (1.9.74):
    - SwiftDecoderSDK (~> 6.0.10)
  - capturesdk_flutter (1.5.11):
    - CaptureSDK (~> 1.9.74)
    - Flutter
  - Flutter (1.0.0)
  - SwiftDecoderSDK (6.0.10)

DEPENDENCIES:
  - capturesdk_flutter (from `.symlinks/plugins/capturesdk_flutter/ios`)
  - Flutter (from `Flutter`)

SPEC REPOS:
  https://github.com/CocoaPods/Specs.git:
    - CaptureSDK
    - SwiftDecoderSDK

EXTERNAL SOURCES:
  capturesdk_flutter:
    :path: ".symlinks/plugins/capturesdk_flutter/ios"
  Flutter:
    :path: Flutter

SPEC CHECKSUMS:
  CaptureSDK: fa7884b56678d418a98068f713f1d58a65c007e8
  capturesdk_flutter: d3ce068778dc8cc875534986b5a01d8b2b841c3a
  Flutter: e0871f40cf51350855a761d2e70bf5af5b9b5de7
  SwiftDecoderSDK: 8de8071c82cc5a44a24bc70f94335c880c583cf9

PODFILE CHECKSUM: a3a24ce09e8c36005957e760bce0abacf387618c

COCOAPODS: 1.16.2
