PODS:
  - CaptureSDK (1.9.113):
    - CryptoSwift (< 2.0, >= 1.6.0)
    - SwiftDecoderSDK (~> 6.0.10)
  - capturesdk_flutter (1.5.11):
    - CaptureSDK (~> 1.9.113)
    - Flutter
  - CryptoSwift (1.8.4)
  - Flutter (1.0.0)
  - SwiftDecoderSDK (6.0.10)

DEPENDENCIES:
  - capturesdk_flutter (from `.symlinks/plugins/capturesdk_flutter/ios`)
  - Flutter (from `Flutter`)

SPEC REPOS:
  https://github.com/CocoaPods/Specs.git:
    - CaptureSDK
    - CryptoSwift
    - SwiftDecoderSDK

EXTERNAL SOURCES:
  capturesdk_flutter:
    :path: ".symlinks/plugins/capturesdk_flutter/ios"
  Flutter:
    :path: Flutter

SPEC CHECKSUMS:
  CaptureSDK: d565f12c56bdd7570efb6b69d69e0f6583998fe2
  capturesdk_flutter: 16ccbecc698733cdb9821f5f07bc49208f5a7a54
  CryptoSwift: e64e11850ede528a02a0f3e768cec8e9d92ecb90
  Flutter: e0871f40cf51350855a761d2e70bf5af5b9b5de7
  SwiftDecoderSDK: 8de8071c82cc5a44a24bc70f94335c880c583cf9

PODFILE CHECKSUM: a3a24ce09e8c36005957e760bce0abacf387618c

COCOAPODS: 1.16.2
